
Microsoft Visual Studio Solution File, Format Version 12.00
# Visual Studio 15
VisualStudioVersion = 15.0.27703.2035
MinimumVisualStudioVersion = 10.0.40219.1
Project("{FAE04EC0-301F-11D3-BF4B-00C04F79EFBC}") = "AvaloniaConcurrentDemo", "AvaloniaConcurrentDemo\AvaloniaConcurrentDemo.csproj", "{79459A40-00B0-4D31-BCAF-87EC343B43A9}"
EndProject
Global
	GlobalSection(SolutionConfigurationPlatforms) = preSolution
		Debug|Any CPU = Debug|Any CPU
		Release|Any CPU = Release|Any CPU
	EndGlobalSection
	GlobalSection(ProjectConfigurationPlatforms) = postSolution
		{79459A40-00B0-4D31-BCAF-87EC343B43A9}.Debug|Any CPU.ActiveCfg = Debug|Any CPU
		{79459A40-00B0-4D31-BCAF-87EC343B43A9}.Debug|Any CPU.Build.0 = Debug|Any CPU
		{79459A40-00B0-4D31-BCAF-87EC343B43A9}.Release|Any CPU.ActiveCfg = Release|Any CPU
		{79459A40-00B0-4D31-BCAF-87EC343B43A9}.Release|Any CPU.Build.0 = Release|Any CPU
	EndGlobalSection
	GlobalSection(SolutionProperties) = preSolution
		HideSolutionNode = FALSE
	EndGlobalSection
	GlobalSection(ExtensibilityGlobals) = postSolution
		SolutionGuid = {F5262277-58B2-4C6F-BEC5-389F2883586A}
	EndGlobalSection
EndGlobal
